
Microsoft Visual Studio Solution File, Format Version 12.00
# Visual Studio Version 16
VisualStudioVersion = 16.0.30503.244
MinimumVisualStudioVersion = 10.0.40219.1
Project("{FAE04EC0-301F-11D3-BF4B-00C04F79EFBC}") = "lab1_restaurant", "lab1_restaurant\lab1_restaurant.csproj", "{641890E2-51C1-4ADA-970B-D3C38A02F12E}"
EndProject
Project("{FAE04EC0-301F-11D3-BF4B-00C04F79EFBC}") = "WinFormsMVP", "WinFormsMVP\WinFormsMVP.csproj", "{A25AA9FB-8346-4A05-BDF5-1C53DA1B7422}"
EndProject
Global
	GlobalSection(SolutionConfigurationPlatforms) = preSolution
		Debug|Any CPU = Debug|Any CPU
		Release|Any CPU = Release|Any CPU
	EndGlobalSection
	GlobalSection(ProjectConfigurationPlatforms) = postSolution
		{641890E2-51C1-4ADA-970B-D3C38A02F12E}.Debug|Any CPU.ActiveCfg = Debug|Any CPU
		{641890E2-51C1-4ADA-970B-D3C38A02F12E}.Debug|Any CPU.Build.0 = Debug|Any CPU
		{641890E2-51C1-4ADA-970B-D3C38A02F12E}.Release|Any CPU.ActiveCfg = Release|Any CPU
		{641890E2-51C1-4ADA-970B-D3C38A02F12E}.Release|Any CPU.Build.0 = Release|Any CPU
		{A25AA9FB-8346-4A05-BDF5-1C53DA1B7422}.Debug|Any CPU.ActiveCfg = Debug|Any CPU
		{A25AA9FB-8346-4A05-BDF5-1C53DA1B7422}.Debug|Any CPU.Build.0 = Debug|Any CPU
		{A25AA9FB-8346-4A05-BDF5-1C53DA1B7422}.Release|Any CPU.ActiveCfg = Release|Any CPU
		{A25AA9FB-8346-4A05-BDF5-1C53DA1B7422}.Release|Any CPU.Build.0 = Release|Any CPU
	EndGlobalSection
	GlobalSection(SolutionProperties) = preSolution
		HideSolutionNode = FALSE
	EndGlobalSection
	GlobalSection(ExtensibilityGlobals) = postSolution
		SolutionGuid = {E3C113DE-DCF0-4F45-A346-0362A8364577}
	EndGlobalSection
EndGlobal
